{
  "name": "examples",
  "version": "1.0.0",
  "lockfileVersion": 2,
  "requires": true,
  "packages": {
    "": {
      "name": "examples",
      "version": "1.0.0",
      "license": "ISC",
      "dependencies": {
        "@playwright/test": "^1.16.3",
        "playwright-qase-reporter": "../"
      },
      "devDependencies": {}
    },
    "..": {
      "name": "playwright-qase-reporter",
      "version": "v1.2.0-alpha.5",
      "license": "Apache-2.0",
      "dependencies": {
        "chalk": "^4.1.0",
        "form-data": "^3.0.0",
        "qaseio": "^2.0.1"
      },
      "devDependencies": {
        "@hutson/npm-deploy-git-tag": "^6.0.0",
        "@playwright/test": "^1.16.3",
        "@types/chalk": "^2.2.0",
        "@types/deasync": "^0.1.1",
        "@typescript-eslint/eslint-plugin": "^3.10.1",
        "@typescript-eslint/eslint-plugin-tslint": "^3.10.1",
        "@typescript-eslint/parser": "^3.10.1",
        "axios-mock-adapter": "^1.19.0",
        "eslint": "^7.14.0",
        "eslint-plugin-jsdoc": "^26.0.1",
        "eslint-plugin-prefer-arrow": "^1.2.2",
        "handlebars": "^4.7.7",
        "nodemon": "^2.0.6",
        "typescript": "^3.9.7"
      },
      "engines": {
        "node": ">=10"
      }
    },
    "node_modules/@playwright/test": {
      "version": "1.35.1",
      "resolved": "https://registry.npmjs.org/@playwright/test/-/test-1.35.1.tgz",
      "integrity": "sha512-b5YoFe6J9exsMYg0pQAobNDR85T1nLumUYgUTtKm4d21iX2L7WqKq9dW8NGJ+2vX0etZd+Y7UeuqsxDXm9+5ZA==",
      "dependencies": {
        "@types/node": "*",
        "playwright-core": "1.35.1"
      },
      "bin": {
        "playwright": "cli.js"
      },
      "engines": {
        "node": ">=16"
      },
      "optionalDependencies": {
        "fsevents": "2.3.2"
      }
    },
    "node_modules/@types/node": {
      "version": "20.3.1",
      "resolved": "https://registry.npmjs.org/@types/node/-/node-20.3.1.tgz",
      "integrity": "sha512-EhcH/wvidPy1WeML3TtYFGR83UzjxeWRen9V402T8aUGYsCHOmfoisV3ZSg03gAFIbLq8TnWOJ0f4cALtnSEUg=="
    },
    "node_modules/fsevents": {
      "version": "2.3.2",
      "resolved": "https://registry.npmjs.org/fsevents/-/fsevents-2.3.2.tgz",
      "integrity": "sha512-xiqMQR4xAeHTuB9uWm+fFRcIOgKBMiOBP+eXiyT7jsgVCq1bkVygt00oASowB7EdtpOHaaPgKt812P9ab+DDKA==",
      "hasInstallScript": true,
      "optional": true,
      "os": [
        "darwin"
      ],
      "engines": {
        "node": "^8.16.0 || ^10.6.0 || >=11.0.0"
      }
    },
    "node_modules/playwright-core": {
      "version": "1.35.1",
      "resolved": "https://registry.npmjs.org/playwright-core/-/playwright-core-1.35.1.tgz",
      "integrity": "sha512-pNXb6CQ7OqmGDRspEjlxE49w+4YtR6a3X6mT1hZXeJHWmsEz7SunmvZeiG/+y1yyMZdHnnn73WKYdtV1er0Xyg==",
      "bin": {
        "playwright-core": "cli.js"
      },
      "engines": {
        "node": ">=16"
      }
    },
    "node_modules/playwright-qase-reporter": {
      "resolved": "..",
      "link": true
    }
  },
  "dependencies": {
    "@playwright/test": {
      "version": "1.35.1",
      "resolved": "https://registry.npmjs.org/@playwright/test/-/test-1.35.1.tgz",
      "integrity": "sha512-b5YoFe6J9exsMYg0pQAobNDR85T1nLumUYgUTtKm4d21iX2L7WqKq9dW8NGJ+2vX0etZd+Y7UeuqsxDXm9+5ZA==",
      "requires": {
        "@types/node": "*",
        "fsevents": "2.3.2",
        "playwright-core": "1.35.1"
      }
    },
    "@types/node": {
      "version": "20.3.1",
      "resolved": "https://registry.npmjs.org/@types/node/-/node-20.3.1.tgz",
      "integrity": "sha512-EhcH/wvidPy1WeML3TtYFGR83UzjxeWRen9V402T8aUGYsCHOmfoisV3ZSg03gAFIbLq8TnWOJ0f4cALtnSEUg=="
    },
    "fsevents": {
      "version": "2.3.2",
      "resolved": "https://registry.npmjs.org/fsevents/-/fsevents-2.3.2.tgz",
      "integrity": "sha512-xiqMQR4xAeHTuB9uWm+fFRcIOgKBMiOBP+eXiyT7jsgVCq1bkVygt00oASowB7EdtpOHaaPgKt812P9ab+DDKA==",
      "optional": true
    },
    "playwright-core": {
      "version": "1.35.1",
      "resolved": "https://registry.npmjs.org/playwright-core/-/playwright-core-1.35.1.tgz",
      "integrity": "sha512-pNXb6CQ7OqmGDRspEjlxE49w+4YtR6a3X6mT1hZXeJHWmsEz7SunmvZeiG/+y1yyMZdHnnn73WKYdtV1er0Xyg=="
    },
    "playwright-qase-reporter": {
      "version": "file:..",
      "requires": {
        "@hutson/npm-deploy-git-tag": "^6.0.0",
        "@playwright/test": "^1.16.3",
        "@types/chalk": "^2.2.0",
        "@types/deasync": "^0.1.1",
        "@typescript-eslint/eslint-plugin": "^3.10.1",
        "@typescript-eslint/eslint-plugin-tslint": "^3.10.1",
        "@typescript-eslint/parser": "^3.10.1",
        "axios-mock-adapter": "^1.19.0",
        "chalk": "^4.1.0",
        "eslint": "^7.14.0",
        "eslint-plugin-jsdoc": "^26.0.1",
        "eslint-plugin-prefer-arrow": "^1.2.2",
        "form-data": "^3.0.0",
        "handlebars": "^4.7.7",
        "nodemon": "^2.0.6",
        "qaseio": "^2.0.1",
        "typescript": "^3.9.7"
      }
    }
  }
}
