{
  "name": "examples",
  "version": "1.0.0",
  "lockfileVersion": 2,
  "requires": true,
  "packages": {
    "": {
      "name": "examples",
      "version": "1.0.0",
      "license": "ISC",
      "dependencies": {
        "@playwright/test": "^1.25.2",
        "playwright": "^1.25.2",
        "playwright-qase-reporter": "../"
      }
    },
    "..": {
      "name": "playwright-qase-reporter",
      "version": "v1.2.0-alpha.3",
      "license": "ISC",
      "dependencies": {
        "qase-core-reporter": "../../"
      },
      "devDependencies": {
        "@hutson/npm-deploy-git-tag": "^6.0.0",
        "@playwright/test": "^1.16.3",
        "@types/chalk": "^2.2.0",
        "@types/deasync": "^0.1.1",
        "@typescript-eslint/eslint-plugin": "^3.10.1",
        "@typescript-eslint/eslint-plugin-tslint": "^3.10.1",
        "@typescript-eslint/parser": "^3.10.1",
        "axios-mock-adapter": "^1.19.0",
        "eslint": "^7.14.0",
        "eslint-plugin-jsdoc": "^26.0.1",
        "eslint-plugin-prefer-arrow": "^1.2.2",
        "handlebars": "^4.7.7",
        "nodemon": "^2.0.6",
        "typescript": "^3.9.7"
      }
    },
    "node_modules/@playwright/test": {
      "version": "1.25.2",
      "resolved": "https://registry.npmjs.org/@playwright/test/-/test-1.25.2.tgz",
      "integrity": "sha512-6qPznIR4Fw02OMbqXUPMG6bFFg1hDVNEdihKy0t9K0dmRbus1DyP5Q5XFQhGwEHQkLG5hrSfBuu9CW/foqhQHQ==",
      "dependencies": {
        "@types/node": "*",
        "playwright-core": "1.25.2"
      },
      "bin": {
        "playwright": "cli.js"
      },
      "engines": {
        "node": ">=14"
      }
    },
    "node_modules/@types/node": {
      "version": "18.7.17",
      "resolved": "https://registry.npmjs.org/@types/node/-/node-18.7.17.tgz",
      "integrity": "sha512-0UyfUnt02zIuqp7yC8RYtDkp/vo8bFaQ13KkSEvUAohPOAlnVNbj5Fi3fgPSuwzakS+EvvnnZ4x9y7i6ASaSPQ=="
    },
    "node_modules/playwright": {
      "version": "1.25.2",
      "resolved": "https://registry.npmjs.org/playwright/-/playwright-1.25.2.tgz",
      "integrity": "sha512-RwMB5SFRV/8wSfK+tK8ycpqdzORvoqUNz9DUeRfSgZFrZej5uuBl9wFjWcc+OkXFEtaPmx1acAVGG7hA4IJ1kg==",
      "hasInstallScript": true,
      "dependencies": {
        "playwright-core": "1.25.2"
      },
      "bin": {
        "playwright": "cli.js"
      },
      "engines": {
        "node": ">=14"
      }
    },
    "node_modules/playwright-core": {
      "version": "1.25.2",
      "resolved": "https://registry.npmjs.org/playwright-core/-/playwright-core-1.25.2.tgz",
      "integrity": "sha512-0yTbUE9lIddkEpLHL3u8PoCL+pWiZtj5A/j3U7YoNjcmKKDGBnCrgHJMzwd2J5vy6l28q4ki3JIuz7McLHhl1A==",
      "bin": {
        "playwright": "cli.js"
      },
      "engines": {
        "node": ">=14"
      }
    },
    "node_modules/playwright-qase-reporter": {
      "resolved": "..",
      "link": true
    }
  },
  "dependencies": {
    "@playwright/test": {
      "version": "1.25.2",
      "resolved": "https://registry.npmjs.org/@playwright/test/-/test-1.25.2.tgz",
      "integrity": "sha512-6qPznIR4Fw02OMbqXUPMG6bFFg1hDVNEdihKy0t9K0dmRbus1DyP5Q5XFQhGwEHQkLG5hrSfBuu9CW/foqhQHQ==",
      "requires": {
        "@types/node": "*",
        "playwright-core": "1.25.2"
      }
    },
    "@types/node": {
      "version": "18.7.17",
      "resolved": "https://registry.npmjs.org/@types/node/-/node-18.7.17.tgz",
      "integrity": "sha512-0UyfUnt02zIuqp7yC8RYtDkp/vo8bFaQ13KkSEvUAohPOAlnVNbj5Fi3fgPSuwzakS+EvvnnZ4x9y7i6ASaSPQ=="
    },
    "playwright": {
      "version": "1.25.2",
      "resolved": "https://registry.npmjs.org/playwright/-/playwright-1.25.2.tgz",
      "integrity": "sha512-RwMB5SFRV/8wSfK+tK8ycpqdzORvoqUNz9DUeRfSgZFrZej5uuBl9wFjWcc+OkXFEtaPmx1acAVGG7hA4IJ1kg==",
      "requires": {
        "playwright-core": "1.25.2"
      }
    },
    "playwright-core": {
      "version": "1.25.2",
      "resolved": "https://registry.npmjs.org/playwright-core/-/playwright-core-1.25.2.tgz",
      "integrity": "sha512-0yTbUE9lIddkEpLHL3u8PoCL+pWiZtj5A/j3U7YoNjcmKKDGBnCrgHJMzwd2J5vy6l28q4ki3JIuz7McLHhl1A=="
    },
    "playwright-qase-reporter": {
      "version": "file:..",
      "requires": {
        "@hutson/npm-deploy-git-tag": "^6.0.0",
        "@playwright/test": "^1.16.3",
        "@types/chalk": "^2.2.0",
        "@types/deasync": "^0.1.1",
        "@typescript-eslint/eslint-plugin": "^3.10.1",
        "@typescript-eslint/eslint-plugin-tslint": "^3.10.1",
        "@typescript-eslint/parser": "^3.10.1",
        "axios-mock-adapter": "^1.19.0",
        "eslint": "^7.14.0",
        "eslint-plugin-jsdoc": "^26.0.1",
        "eslint-plugin-prefer-arrow": "^1.2.2",
        "handlebars": "^4.7.7",
        "nodemon": "^2.0.6",
        "qase-core-reporter": "../../",
        "typescript": "^3.9.7"
      }
    }
  }
}
